
Microsoft Visual Studio Solution File, Format Version 12.00
# Visual Studio Version 17
VisualStudioVersion = 17.4.32804.182
MinimumVisualStudioVersion = 10.0.40219.1
Project("{9A19103F-16F7-4668-BE54-9A1E7A4F7556}") = "EasyCommerce.Server", "EasyCommerce.Server\EasyCommerce.Server.csproj", "{1891498A-C051-46E3-B417-F6DA73F6EB35}"
EndProject
Project("{9A19103F-16F7-4668-BE54-9A1E7A4F7556}") = "EasyCommerce.Server.Shared", "EasyCommerce.Server.Domain\EasyCommerce.Server.Shared.csproj", "{6EB2B0A7-E7D1-404B-AAB8-6897D9498647}"
EndProject
Project("{FAE04EC0-301F-11D3-BF4B-00C04F79EFBC}") = "EasyCommerce.RabbitMQ", "EasyCommerce.RabbitMQ\EasyCommerce.RabbitMQ.csproj", "{00DC6D05-C539-45E8-BB1E-6F6CE910AE8B}"
EndProject
Global
	GlobalSection(SolutionConfigurationPlatforms) = preSolution
		Debug|Any CPU = Debug|Any CPU
		Release|Any CPU = Release|Any CPU
	EndGlobalSection
	GlobalSection(ProjectConfigurationPlatforms) = postSolution
		{1891498A-C051-46E3-B417-F6DA73F6EB35}.Debug|Any CPU.ActiveCfg = Debug|Any CPU
		{1891498A-C051-46E3-B417-F6DA73F6EB35}.Debug|Any CPU.Build.0 = Debug|Any CPU
		{1891498A-C051-46E3-B417-F6DA73F6EB35}.Release|Any CPU.ActiveCfg = Release|Any CPU
		{1891498A-C051-46E3-B417-F6DA73F6EB35}.Release|Any CPU.Build.0 = Release|Any CPU
		{6EB2B0A7-E7D1-404B-AAB8-6897D9498647}.Debug|Any CPU.ActiveCfg = Debug|Any CPU
		{6EB2B0A7-E7D1-404B-AAB8-6897D9498647}.Debug|Any CPU.Build.0 = Debug|Any CPU
		{6EB2B0A7-E7D1-404B-AAB8-6897D9498647}.Release|Any CPU.ActiveCfg = Release|Any CPU
		{6EB2B0A7-E7D1-404B-AAB8-6897D9498647}.Release|Any CPU.Build.0 = Release|Any CPU
		{00DC6D05-C539-45E8-BB1E-6F6CE910AE8B}.Debug|Any CPU.ActiveCfg = Debug|Any CPU
		{00DC6D05-C539-45E8-BB1E-6F6CE910AE8B}.Debug|Any CPU.Build.0 = Debug|Any CPU
		{00DC6D05-C539-45E8-BB1E-6F6CE910AE8B}.Release|Any CPU.ActiveCfg = Release|Any CPU
		{00DC6D05-C539-45E8-BB1E-6F6CE910AE8B}.Release|Any CPU.Build.0 = Release|Any CPU
	EndGlobalSection
	GlobalSection(SolutionProperties) = preSolution
		HideSolutionNode = FALSE
	EndGlobalSection
	GlobalSection(ExtensibilityGlobals) = postSolution
		SolutionGuid = {E4DEE9E8-9CB2-4348-A3CB-D1BBAACBF15E}
	EndGlobalSection
EndGlobal
